
Microsoft Visual Studio Solution File, Format Version 12.00
# Visual Studio 15
Project("{FAE04EC0-301F-11D3-BF4B-00C04F79EFBC}") = "NaughtyAttributes.Test", "NaughtyAttributes.Test.csproj", "{3D583724-95BA-9B1B-D0E4-DDE321A464C3}"
EndProject
Project("{FAE04EC0-301F-11D3-BF4B-00C04F79EFBC}") = "NaughtyAttributes.Core", "NaughtyAttributes.Core.csproj", "{8D5CEECE-4C2F-D15E-4889-7281BD9A9460}"
EndProject
Project("{FAE04EC0-301F-11D3-BF4B-00C04F79EFBC}") = "Assembly-CSharp", "Assembly-CSharp.csproj", "{315D58CA-5690-E911-505C-7D8940FA4780}"
EndProject
Project("{FAE04EC0-301F-11D3-BF4B-00C04F79EFBC}") = "Assembly-CSharp-firstpass", "Assembly-CSharp-firstpass.csproj", "{8209FDAC-CC4D-B0E3-CB1C-DBABAE4FD144}"
EndProject
Project("{FAE04EC0-301F-11D3-BF4B-00C04F79EFBC}") = "NaughtyAttributes.Editor", "NaughtyAttributes.Editor.csproj", "{5757D7D7-8D65-E215-9D8B-40912FE9DEEB}"
EndProject
Project("{FAE04EC0-301F-11D3-BF4B-00C04F79EFBC}") = "Assembly-CSharp-Editor", "Assembly-CSharp-Editor.csproj", "{2397FFCD-9272-377E-28DB-C0A3E3DD38B0}"
EndProject
Global
	GlobalSection(SolutionConfigurationPlatforms) = preSolution
		Debug|Any CPU = Debug|Any CPU
		Release|Any CPU = Release|Any CPU
	EndGlobalSection
	GlobalSection(ProjectConfigurationPlatforms) = postSolution
		{3D583724-95BA-9B1B-D0E4-DDE321A464C3}.Debug|Any CPU.ActiveCfg = Debug|Any CPU
		{3D583724-95BA-9B1B-D0E4-DDE321A464C3}.Debug|Any CPU.Build.0 = Debug|Any CPU
		{3D583724-95BA-9B1B-D0E4-DDE321A464C3}.Release|Any CPU.ActiveCfg = Release|Any CPU
		{3D583724-95BA-9B1B-D0E4-DDE321A464C3}.Release|Any CPU.Build.0 = Release|Any CPU
		{8D5CEECE-4C2F-D15E-4889-7281BD9A9460}.Debug|Any CPU.ActiveCfg = Debug|Any CPU
		{8D5CEECE-4C2F-D15E-4889-7281BD9A9460}.Debug|Any CPU.Build.0 = Debug|Any CPU
		{8D5CEECE-4C2F-D15E-4889-7281BD9A9460}.Release|Any CPU.ActiveCfg = Release|Any CPU
		{8D5CEECE-4C2F-D15E-4889-7281BD9A9460}.Release|Any CPU.Build.0 = Release|Any CPU
		{315D58CA-5690-E911-505C-7D8940FA4780}.Debug|Any CPU.ActiveCfg = Debug|Any CPU
		{315D58CA-5690-E911-505C-7D8940FA4780}.Debug|Any CPU.Build.0 = Debug|Any CPU
		{315D58CA-5690-E911-505C-7D8940FA4780}.Release|Any CPU.ActiveCfg = Release|Any CPU
		{315D58CA-5690-E911-505C-7D8940FA4780}.Release|Any CPU.Build.0 = Release|Any CPU
		{8209FDAC-CC4D-B0E3-CB1C-DBABAE4FD144}.Debug|Any CPU.ActiveCfg = Debug|Any CPU
		{8209FDAC-CC4D-B0E3-CB1C-DBABAE4FD144}.Debug|Any CPU.Build.0 = Debug|Any CPU
		{8209FDAC-CC4D-B0E3-CB1C-DBABAE4FD144}.Release|Any CPU.ActiveCfg = Release|Any CPU
		{8209FDAC-CC4D-B0E3-CB1C-DBABAE4FD144}.Release|Any CPU.Build.0 = Release|Any CPU
		{5757D7D7-8D65-E215-9D8B-40912FE9DEEB}.Debug|Any CPU.ActiveCfg = Debug|Any CPU
		{5757D7D7-8D65-E215-9D8B-40912FE9DEEB}.Debug|Any CPU.Build.0 = Debug|Any CPU
		{5757D7D7-8D65-E215-9D8B-40912FE9DEEB}.Release|Any CPU.ActiveCfg = Release|Any CPU
		{5757D7D7-8D65-E215-9D8B-40912FE9DEEB}.Release|Any CPU.Build.0 = Release|Any CPU
		{2397FFCD-9272-377E-28DB-C0A3E3DD38B0}.Debug|Any CPU.ActiveCfg = Debug|Any CPU
		{2397FFCD-9272-377E-28DB-C0A3E3DD38B0}.Debug|Any CPU.Build.0 = Debug|Any CPU
		{2397FFCD-9272-377E-28DB-C0A3E3DD38B0}.Release|Any CPU.ActiveCfg = Release|Any CPU
		{2397FFCD-9272-377E-28DB-C0A3E3DD38B0}.Release|Any CPU.Build.0 = Release|Any CPU
	EndGlobalSection
	GlobalSection(SolutionProperties) = preSolution
		HideSolutionNode = FALSE
	EndGlobalSection
EndGlobal
